# THIS IS AN AUTOGENERATED FILE. DO NOT EDIT THIS FILE DIRECTLY.
# yarn lockfile v1


"@lvksh/logger@^1.5.1":
  version "1.5.1"
  resolved "https://registry.yarnpkg.com/@lvksh/logger/-/logger-1.5.1.tgz#eeb5a17f4a3c458375d4f2b61771779f59e4da5e"
  integrity sha512-DoEOzDqp58o6Bpxdh6v/zX7o/EC58q9amHnIdQP2OMq+uxpgRcCH9M+3Ue9qIpF6T+NxYyoE4NUGyZnQ0OGWig==
